
Microsoft Visual Studio Solution File, Format Version 12.00
# Visual Studio Version 16
VisualStudioVersion = 16.0.30330.147
MinimumVisualStudioVersion = 10.0.40219.1
Project("{FAE04EC0-301F-11D3-BF4B-00C04F79EFBC}") = "TriviaGameClient", "TriviaGame\TriviaGameClient.csproj", "{BCA3A3E8-7A9E-4561-B697-B9F2D69777B4}"
EndProject
Project("{FAE04EC0-301F-11D3-BF4B-00C04F79EFBC}") = "TriviaGameServer", "TriviaGameServer\TriviaGameServer.csproj", "{FEDF9999-0D9B-41EA-BA56-FE838F712055}"
EndProject
Project("{FAE04EC0-301F-11D3-BF4B-00C04F79EFBC}") = "TriviaGameServerTests", "TriviaGameServerTests\TriviaGameServerTests.csproj", "{B9C3FB1A-4430-4621-BA07-31C44B8D5F67}"
EndProject
Project("{FAE04EC0-301F-11D3-BF4B-00C04F79EFBC}") = "TriviaGameClientTests", "TriviaGameClientTests\TriviaGameClientTests.csproj", "{BBED10B0-0190-49A9-8920-3ED5246BB995}"
EndProject
Global
	GlobalSection(SolutionConfigurationPlatforms) = preSolution
		Debug|Any CPU = Debug|Any CPU
		Release|Any CPU = Release|Any CPU
	EndGlobalSection
	GlobalSection(ProjectConfigurationPlatforms) = postSolution
		{BCA3A3E8-7A9E-4561-B697-B9F2D69777B4}.Debug|Any CPU.ActiveCfg = Debug|Any CPU
		{BCA3A3E8-7A9E-4561-B697-B9F2D69777B4}.Debug|Any CPU.Build.0 = Debug|Any CPU
		{BCA3A3E8-7A9E-4561-B697-B9F2D69777B4}.Release|Any CPU.ActiveCfg = Release|Any CPU
		{BCA3A3E8-7A9E-4561-B697-B9F2D69777B4}.Release|Any CPU.Build.0 = Release|Any CPU
		{FEDF9999-0D9B-41EA-BA56-FE838F712055}.Debug|Any CPU.ActiveCfg = Debug|Any CPU
		{FEDF9999-0D9B-41EA-BA56-FE838F712055}.Debug|Any CPU.Build.0 = Debug|Any CPU
		{FEDF9999-0D9B-41EA-BA56-FE838F712055}.Release|Any CPU.ActiveCfg = Release|Any CPU
		{FEDF9999-0D9B-41EA-BA56-FE838F712055}.Release|Any CPU.Build.0 = Release|Any CPU
		{B9C3FB1A-4430-4621-BA07-31C44B8D5F67}.Debug|Any CPU.ActiveCfg = Debug|Any CPU
		{B9C3FB1A-4430-4621-BA07-31C44B8D5F67}.Debug|Any CPU.Build.0 = Debug|Any CPU
		{B9C3FB1A-4430-4621-BA07-31C44B8D5F67}.Release|Any CPU.ActiveCfg = Release|Any CPU
		{B9C3FB1A-4430-4621-BA07-31C44B8D5F67}.Release|Any CPU.Build.0 = Release|Any CPU
		{BBED10B0-0190-49A9-8920-3ED5246BB995}.Debug|Any CPU.ActiveCfg = Debug|Any CPU
		{BBED10B0-0190-49A9-8920-3ED5246BB995}.Debug|Any CPU.Build.0 = Debug|Any CPU
		{BBED10B0-0190-49A9-8920-3ED5246BB995}.Release|Any CPU.ActiveCfg = Release|Any CPU
		{BBED10B0-0190-49A9-8920-3ED5246BB995}.Release|Any CPU.Build.0 = Release|Any CPU
	EndGlobalSection
	GlobalSection(SolutionProperties) = preSolution
		HideSolutionNode = FALSE
	EndGlobalSection
	GlobalSection(ExtensibilityGlobals) = postSolution
		SolutionGuid = {CF76B84D-FCA7-4E24-A317-679C3921D350}
	EndGlobalSection
EndGlobal
